<?xml version="1.0" encoding="utf-8"?>
<Project ToolsVersion="4.0" xmlns="http://schemas.microsoft.com/developer/msbuild/2003">
  <ItemGroup>
    <Filter Include="Resource Files">
      <UniqueIdentifier>{67DA6AB6-F800-4c08-8B7A-83BB121AAD01}</UniqueIdentifier>
      <Extensions>rc;ico;cur;bmp;dlg;rc2;rct;bin;rgs;gif;jpg;jpeg;jpe;resx;tiff;tif;png;wav;mfcribbon-ms</Extensions>
    </Filter>
    <Filter Include="Shaders">
      <UniqueIdentifier>{ea70a8a2-19f3-493e-9a4e-faf161e7d75c}</UniqueIdentifier>
    </Filter>
    <Filter Include="LightClasses">
      <UniqueIdentifier>{e7c24294-ec31-4dd3-b9d0-b2d4f10c2506}</UniqueIdentifier>
    </Filter>
    <Filter Include="ObjectComponents">
      <UniqueIdentifier>{fa53b07b-6681-4e95-9249-dddf8643515a}</UniqueIdentifier>
    </Filter>
    <Filter Include="CoreRenderingClasses">
      <UniqueIdentifier>{b71171bc-3a95-4016-8a67-2885c04784a4}</UniqueIdentifier>
    </Filter>
    <Filter Include="Scene">
      <UniqueIdentifier>{5a538911-4a6c-4c02-bbd8-10b75bac06b8}</UniqueIdentifier>
    </Filter>
  </ItemGroup>
  <ItemGroup>
    <ClInclude Include="resource.h" />
    <ClInclude Include="pch.h" />
    <ClInclude Include="targetver.h" />
    <ClInclude Include="VolumetricLightingDirectX.h" />
    <ClInclude Include="Light.h">
      <Filter>LightClasses</Filter>
    </ClInclude>
    <ClInclude Include="LightManager.h">
      <Filter>LightClasses</Filter>
    </ClInclude>
    <ClInclude Include="DirectionalLight.h">
      <Filter>LightClasses</Filter>
    </ClInclude>
    <ClInclude Include="PointLight.h">
      <Filter>LightClasses</Filter>
    </ClInclude>
    <ClInclude Include="Material.h">
      <Filter>ObjectComponents</Filter>
    </ClInclude>
    <ClInclude Include="Mesh.h">
      <Filter>ObjectComponents</Filter>
    </ClInclude>
    <ClInclude Include="Model.h">
      <Filter>ObjectComponents</Filter>
    </ClInclude>
    <ClInclude Include="Direct3D.h">
      <Filter>CoreRenderingClasses</Filter>
    </ClInclude>
    <ClInclude Include="Direct3DCore.h">
      <Filter>CoreRenderingClasses</Filter>
    </ClInclude>
    <ClInclude Include="Shader.h">
      <Filter>CoreRenderingClasses</Filter>
    </ClInclude>
    <ClInclude Include="GBuffer.h">
      <Filter>CoreRenderingClasses</Filter>
    </ClInclude>
    <ClInclude Include="Camera.h">
      <Filter>CoreRenderingClasses</Filter>
    </ClInclude>
    <ClInclude Include="Frustum.h">
      <Filter>CoreRenderingClasses</Filter>
    </ClInclude>
    <ClInclude Include="Scene.h">
      <Filter>Scene</Filter>
    </ClInclude>
    <ClInclude Include="SceneManager.h">
      <Filter>Scene</Filter>
    </ClInclude>
    <ClInclude Include="Texture.h">
      <Filter>CoreRenderingClasses</Filter>
    </ClInclude>
    <ClInclude Include="GameObject.h">
      <Filter>Scene</Filter>
    </ClInclude>
    <ClInclude Include="ScreenQuad.h">
      <Filter>CoreRenderingClasses</Filter>
    </ClInclude>
    <ClInclude Include="Utility.h">
      <Filter>Scene</Filter>
    </ClInclude>
    <ClInclude Include="InputManager.h">
      <Filter>Scene</Filter>
    </ClInclude>
    <ClInclude Include="CelestialBody.h" />
  </ItemGroup>
  <ItemGroup>
    <ClCompile Include="pch.cpp" />
    <ClCompile Include="VolumetricLightingDirectX.cpp" />
    <ClCompile Include="Light.cpp">
      <Filter>LightClasses</Filter>
    </ClCompile>
    <ClCompile Include="LightManager.cpp">
      <Filter>LightClasses</Filter>
    </ClCompile>
    <ClCompile Include="DirectionalLight.cpp">
      <Filter>LightClasses</Filter>
    </ClCompile>
    <ClCompile Include="PointLight.cpp">
      <Filter>LightClasses</Filter>
    </ClCompile>
    <ClCompile Include="Material.cpp">
      <Filter>ObjectComponents</Filter>
    </ClCompile>
    <ClCompile Include="Mesh.cpp">
      <Filter>ObjectComponents</Filter>
    </ClCompile>
    <ClCompile Include="Model.cpp">
      <Filter>ObjectComponents</Filter>
    </ClCompile>
    <ClCompile Include="Direct3D.cpp">
      <Filter>CoreRenderingClasses</Filter>
    </ClCompile>
    <ClCompile Include="Direct3DCore.cpp">
      <Filter>CoreRenderingClasses</Filter>
    </ClCompile>
    <ClCompile Include="Shader.cpp">
      <Filter>CoreRenderingClasses</Filter>
    </ClCompile>
    <ClCompile Include="GBuffer.cpp">
      <Filter>CoreRenderingClasses</Filter>
    </ClCompile>
    <ClCompile Include="Camera.cpp">
      <Filter>CoreRenderingClasses</Filter>
    </ClCompile>
    <ClCompile Include="Frustum.cpp">
      <Filter>CoreRenderingClasses</Filter>
    </ClCompile>
    <ClCompile Include="Scene.cpp">
      <Filter>Scene</Filter>
    </ClCompile>
    <ClCompile Include="SceneManager.cpp">
      <Filter>Scene</Filter>
    </ClCompile>
    <ClCompile Include="Texture.cpp">
      <Filter>CoreRenderingClasses</Filter>
    </ClCompile>
    <ClCompile Include="GameObject.cpp">
      <Filter>Scene</Filter>
    </ClCompile>
    <ClCompile Include="InputManager.cpp">
      <Filter>Scene</Filter>
    </ClCompile>
    <ClCompile Include="ScreenQuad.cpp">
      <Filter>CoreRenderingClasses</Filter>
    </ClCompile>
    <ClCompile Include="Utility.cpp">
      <Filter>Scene</Filter>
    </ClCompile>
    <ClCompile Include="CelestialBody.cpp" />
  </ItemGroup>
  <ItemGroup>
    <ResourceCompile Include="VolumetricLightingDirectX.rc">
      <Filter>Resource Files</Filter>
    </ResourceCompile>
  </ItemGroup>
  <ItemGroup>
    <Image Include="small.ico">
      <Filter>Resource Files</Filter>
    </Image>
    <Image Include="VolumetricLightingDirectX.ico">
      <Filter>Resource Files</Filter>
    </Image>
  </ItemGroup>
  <ItemGroup>
    <None Include="packages.config" />
  </ItemGroup>
  <ItemGroup>
    <FxCompile Include="DefaultVertexShader.hlsl">
      <Filter>Shaders</Filter>
    </FxCompile>
    <FxCompile Include="DefaultPixelShader.hlsl">
      <Filter>Shaders</Filter>
    </FxCompile>
    <FxCompile Include="DefaultDeferredGeometryVertexShader.hlsl">
      <Filter>Shaders</Filter>
    </FxCompile>
    <FxCompile Include="DefaultDeferredGeometryPixelShader.hlsl">
      <Filter>Shaders</Filter>
    </FxCompile>
    <FxCompile Include="ScreenQuadVertexShader.hlsl">
      <Filter>Shaders</Filter>
    </FxCompile>
    <FxCompile Include="PostProcessingPixelShader.hlsl">
      <Filter>Shaders</Filter>
    </FxCompile>
    <FxCompile Include="PointLightPixelShader.hlsl">
      <Filter>Shaders</Filter>
    </FxCompile>
    <FxCompile Include="PointLightVertexShader.hlsl">
      <Filter>Shaders</Filter>
    </FxCompile>
  </ItemGroup>
</Project>