<?xml version="1.0" encoding="utf-8"?>
<Project ToolsVersion="4.0" xmlns="http://schemas.microsoft.com/developer/msbuild/2003">
  <ItemGroup>
    <Filter Include="Resource Files">
      <UniqueIdentifier>{67DA6AB6-F800-4c08-8B7A-83BB121AAD01}</UniqueIdentifier>
      <Extensions>rc;ico;cur;bmp;dlg;rc2;rct;bin;rgs;gif;jpg;jpeg;jpe;resx;tiff;tif;png;wav;mfcribbon-ms</Extensions>
    </Filter>
    <Filter Include="Shaders">
      <UniqueIdentifier>{ea70a8a2-19f3-493e-9a4e-faf161e7d75c}</UniqueIdentifier>
    </Filter>
  </ItemGroup>
  <ItemGroup>
    <ClInclude Include="resource.h" />
    <ClInclude Include="pch.h" />
    <ClInclude Include="targetver.h" />
    <ClInclude Include="VolumetricLightingDirectX.h" />
    <ClInclude Include="Direct3DCore.h" />
    <ClInclude Include="Direct3D.h" />
    <ClInclude Include="Camera.h" />
    <ClInclude Include="Utility.h" />
    <ClInclude Include="Model.h" />
    <ClInclude Include="Texture.h" />
    <ClInclude Include="Material.h" />
    <ClInclude Include="Mesh.h" />
    <ClInclude Include="Shader.h" />
    <ClInclude Include="Scene.h" />
    <ClInclude Include="GameObject.h" />
    <ClInclude Include="SceneManager.h" />
    <ClInclude Include="InputManager.h" />
  </ItemGroup>
  <ItemGroup>
    <ClCompile Include="pch.cpp" />
    <ClCompile Include="VolumetricLightingDirectX.cpp" />
    <ClCompile Include="Direct3DCore.cpp" />
    <ClCompile Include="Direct3D.cpp" />
    <ClCompile Include="Camera.cpp" />
    <ClCompile Include="Utility.cpp" />
    <ClCompile Include="Model.cpp" />
    <ClCompile Include="Texture.cpp" />
    <ClCompile Include="Material.cpp" />
    <ClCompile Include="Mesh.cpp" />
    <ClCompile Include="Shader.cpp" />
    <ClCompile Include="Scene.cpp" />
    <ClCompile Include="GameObject.cpp" />
    <ClCompile Include="SceneManager.cpp" />
    <ClCompile Include="InputManager.cpp" />
  </ItemGroup>
  <ItemGroup>
    <ResourceCompile Include="VolumetricLightingDirectX.rc">
      <Filter>Resource Files</Filter>
    </ResourceCompile>
  </ItemGroup>
  <ItemGroup>
    <Image Include="small.ico">
      <Filter>Resource Files</Filter>
    </Image>
    <Image Include="VolumetricLightingDirectX.ico">
      <Filter>Resource Files</Filter>
    </Image>
  </ItemGroup>
  <ItemGroup>
    <None Include="packages.config" />
  </ItemGroup>
  <ItemGroup>
    <FxCompile Include="DefaultVertexShader.hlsl">
      <Filter>Shaders</Filter>
    </FxCompile>
    <FxCompile Include="DefaultPixelShader.hlsl">
      <Filter>Shaders</Filter>
    </FxCompile>
  </ItemGroup>
</Project>